
Microsoft Visual Studio Solution File, Format Version 12.00
# Visual Studio Version 17
VisualStudioVersion = 17.0.31903.59
MinimumVisualStudioVersion = 10.0.40219.1
Project("{FAE04EC0-301F-11D3-BF4B-00C04F79EFBC}") = "HelloMerlin", "HelloMerlin\HelloMerlin.csproj", "{5B05B648-465A-4E75-A973-AA513E78C811}"
EndProject
Global
	GlobalSection(SolutionConfigurationPlatforms) = preSolution
		Debug|Any CPU = Debug|Any CPU
		Release|Any CPU = Release|Any CPU
	EndGlobalSection
	GlobalSection(ProjectConfigurationPlatforms) = postSolution
		{5B05B648-465A-4E75-A973-AA513E78C811}.Debug|Any CPU.ActiveCfg = Debug|Any CPU
		{5B05B648-465A-4E75-A973-AA513E78C811}.Debug|Any CPU.Build.0 = Debug|Any CPU
		{5B05B648-465A-4E75-A973-AA513E78C811}.Release|Any CPU.ActiveCfg = Release|Any CPU
		{5B05B648-465A-4E75-A973-AA513E78C811}.Release|Any CPU.Build.0 = Release|Any CPU
	EndGlobalSection
	GlobalSection(SolutionProperties) = preSolution
		HideSolutionNode = FALSE
	EndGlobalSection
	GlobalSection(ExtensibilityGlobals) = postSolution
		SolutionGuid = {17962269-CA6F-42DA-97A7-D43F75B328B3}
	EndGlobalSection
EndGlobal
